
Microsoft Visual Studio Solution File, Format Version 12.00
# Visual Studio 15
VisualStudioVersion = 15.0.26730.16
MinimumVisualStudioVersion = 10.0.40219.1
Project("{FAE04EC0-301F-11D3-BF4B-00C04F79EFBC}") = "Gersof.Common.Logger", "Gersof.Common.Logger\Gersof.Common.Logger.csproj", "{12E63DF3-6017-4B9A-AD3C-2CCAC3E6BDD6}"
EndProject
Project("{FAE04EC0-301F-11D3-BF4B-00C04F79EFBC}") = "Gersof.Common.Logger.TestForm", "Gersof.Common.Logger.TestForm\Gersof.Common.Logger.TestForm.csproj", "{92689A68-3DEB-4045-83D9-C637652FB7C9}"
EndProject
Global
	GlobalSection(SolutionConfigurationPlatforms) = preSolution
		Debug|Any CPU = Debug|Any CPU
		Release|Any CPU = Release|Any CPU
	EndGlobalSection
	GlobalSection(ProjectConfigurationPlatforms) = postSolution
		{12E63DF3-6017-4B9A-AD3C-2CCAC3E6BDD6}.Debug|Any CPU.ActiveCfg = Debug|Any CPU
		{12E63DF3-6017-4B9A-AD3C-2CCAC3E6BDD6}.Debug|Any CPU.Build.0 = Debug|Any CPU
		{12E63DF3-6017-4B9A-AD3C-2CCAC3E6BDD6}.Release|Any CPU.ActiveCfg = Release|Any CPU
		{12E63DF3-6017-4B9A-AD3C-2CCAC3E6BDD6}.Release|Any CPU.Build.0 = Release|Any CPU
		{92689A68-3DEB-4045-83D9-C637652FB7C9}.Debug|Any CPU.ActiveCfg = Debug|Any CPU
		{92689A68-3DEB-4045-83D9-C637652FB7C9}.Debug|Any CPU.Build.0 = Debug|Any CPU
		{92689A68-3DEB-4045-83D9-C637652FB7C9}.Release|Any CPU.ActiveCfg = Release|Any CPU
		{92689A68-3DEB-4045-83D9-C637652FB7C9}.Release|Any CPU.Build.0 = Release|Any CPU
	EndGlobalSection
	GlobalSection(SolutionProperties) = preSolution
		HideSolutionNode = FALSE
	EndGlobalSection
	GlobalSection(ExtensibilityGlobals) = postSolution
		SolutionGuid = {0365C5BB-D499-4D1C-B96C-0D0D48CA4752}
	EndGlobalSection
EndGlobal
